
Microsoft Visual Studio Solution File, Format Version 12.00
Project("{FAE04EC0-301F-11D3-BF4B-00C04F79EFBC}") = "fake-wiseflow-be", "fake-wiseflow-be\fake-wiseflow-be.csproj", "{ED2D7987-10CA-4A62-BACF-A5CAEF3CF159}"
EndProject
Project("{FAE04EC0-301F-11D3-BF4B-00C04F79EFBC}") = "fake-wiseflow-fe", "fake-wiseflow-fe\fake-wiseflow-fe\fake-wiseflow-fe.csproj", "{2ADD2889-A7F5-473F-BF3F-0E051B2831B2}"
EndProject
Project("{FAE04EC0-301F-11D3-BF4B-00C04F79EFBC}") = "fake-wiseflow-fe.Client", "fake-wiseflow-fe\fake-wiseflow-fe.Client\fake-wiseflow-fe.Client.csproj", "{F048EE73-212F-4226-BCB1-42AC696DD36F}"
EndProject
Global
	GlobalSection(SolutionConfigurationPlatforms) = preSolution
		Debug|Any CPU = Debug|Any CPU
		Release|Any CPU = Release|Any CPU
	EndGlobalSection
	GlobalSection(ProjectConfigurationPlatforms) = postSolution
		{ED2D7987-10CA-4A62-BACF-A5CAEF3CF159}.Debug|Any CPU.ActiveCfg = Debug|Any CPU
		{ED2D7987-10CA-4A62-BACF-A5CAEF3CF159}.Debug|Any CPU.Build.0 = Debug|Any CPU
		{ED2D7987-10CA-4A62-BACF-A5CAEF3CF159}.Release|Any CPU.ActiveCfg = Release|Any CPU
		{ED2D7987-10CA-4A62-BACF-A5CAEF3CF159}.Release|Any CPU.Build.0 = Release|Any CPU
		{2ADD2889-A7F5-473F-BF3F-0E051B2831B2}.Debug|Any CPU.ActiveCfg = Debug|Any CPU
		{2ADD2889-A7F5-473F-BF3F-0E051B2831B2}.Debug|Any CPU.Build.0 = Debug|Any CPU
		{2ADD2889-A7F5-473F-BF3F-0E051B2831B2}.Release|Any CPU.ActiveCfg = Release|Any CPU
		{2ADD2889-A7F5-473F-BF3F-0E051B2831B2}.Release|Any CPU.Build.0 = Release|Any CPU
		{F048EE73-212F-4226-BCB1-42AC696DD36F}.Debug|Any CPU.ActiveCfg = Debug|Any CPU
		{F048EE73-212F-4226-BCB1-42AC696DD36F}.Debug|Any CPU.Build.0 = Debug|Any CPU
		{F048EE73-212F-4226-BCB1-42AC696DD36F}.Release|Any CPU.ActiveCfg = Release|Any CPU
		{F048EE73-212F-4226-BCB1-42AC696DD36F}.Release|Any CPU.Build.0 = Release|Any CPU
	EndGlobalSection
EndGlobal
